
Microsoft Visual Studio Solution File, Format Version 12.00
# Visual Studio Version 17
VisualStudioVersion = 17.10.35122.118
MinimumVisualStudioVersion = 10.0.40219.1
Project("{9A19103F-16F7-4668-BE54-9A1E7A4F7556}") = "Document-Directory.Server", "Document-Directory.Server\Document-Directory.Server.csproj", "{053E857A-7570-4A82-B950-A00B9935F803}"
EndProject
Project("{54A90642-561A-4BB1-A94E-469ADEE60C69}") = "document-directory.client", "document-directory.client\document-directory.client.esproj", "{7DAFED82-8CEE-4784-A476-C9397BD272BE}"
EndProject
Project("{2150E333-8FDC-42A3-9474-1A3956D46DE8}") = "Элементы решения", "Элементы решения", "{7F7D1389-738F-41E3-8FE2-8B2A352D8C81}"
	ProjectSection(SolutionItems) = preProject
		docker-compose.yml = docker-compose.yml
	EndProjectSection
EndProject
Global
	GlobalSection(SolutionConfigurationPlatforms) = preSolution
		Debug|Any CPU = Debug|Any CPU
		Release|Any CPU = Release|Any CPU
	EndGlobalSection
	GlobalSection(ProjectConfigurationPlatforms) = postSolution
		{053E857A-7570-4A82-B950-A00B9935F803}.Debug|Any CPU.ActiveCfg = Debug|Any CPU
		{053E857A-7570-4A82-B950-A00B9935F803}.Debug|Any CPU.Build.0 = Debug|Any CPU
		{053E857A-7570-4A82-B950-A00B9935F803}.Release|Any CPU.ActiveCfg = Release|Any CPU
		{053E857A-7570-4A82-B950-A00B9935F803}.Release|Any CPU.Build.0 = Release|Any CPU
		{7DAFED82-8CEE-4784-A476-C9397BD272BE}.Debug|Any CPU.ActiveCfg = Debug|Any CPU
		{7DAFED82-8CEE-4784-A476-C9397BD272BE}.Debug|Any CPU.Build.0 = Debug|Any CPU
		{7DAFED82-8CEE-4784-A476-C9397BD272BE}.Debug|Any CPU.Deploy.0 = Debug|Any CPU
		{7DAFED82-8CEE-4784-A476-C9397BD272BE}.Release|Any CPU.ActiveCfg = Release|Any CPU
		{7DAFED82-8CEE-4784-A476-C9397BD272BE}.Release|Any CPU.Build.0 = Release|Any CPU
		{7DAFED82-8CEE-4784-A476-C9397BD272BE}.Release|Any CPU.Deploy.0 = Release|Any CPU
	EndGlobalSection
	GlobalSection(SolutionProperties) = preSolution
		HideSolutionNode = FALSE
	EndGlobalSection
	GlobalSection(ExtensibilityGlobals) = postSolution
		SolutionGuid = {6D70D686-58BA-4B83-8B98-F8BF294391EB}
	EndGlobalSection
EndGlobal
